
Microsoft Visual Studio Solution File, Format Version 12.00
# Visual Studio 15
Project("{FAE04EC0-301F-11D3-BF4B-00C04F79EFBC}") = "Assembly-CSharp", "Assembly-CSharp.csproj", "{3B20415C-35BF-E337-2611-B99FAFC71DE9}"
EndProject
Project("{FAE04EC0-301F-11D3-BF4B-00C04F79EFBC}") = "Assembly-CSharp-Editor", "Assembly-CSharp-Editor.csproj", "{004B486E-2469-AAA8-D40B-9B4BB73A6057}"
EndProject
Global
	GlobalSection(SolutionConfigurationPlatforms) = preSolution
		Debug|Any CPU = Debug|Any CPU
		Release|Any CPU = Release|Any CPU
	EndGlobalSection
	GlobalSection(ProjectConfigurationPlatforms) = postSolution
		{3B20415C-35BF-E337-2611-B99FAFC71DE9}.Debug|Any CPU.ActiveCfg = Debug|Any CPU
		{3B20415C-35BF-E337-2611-B99FAFC71DE9}.Debug|Any CPU.Build.0 = Debug|Any CPU
		{3B20415C-35BF-E337-2611-B99FAFC71DE9}.Release|Any CPU.ActiveCfg = Release|Any CPU
		{3B20415C-35BF-E337-2611-B99FAFC71DE9}.Release|Any CPU.Build.0 = Release|Any CPU
		{004B486E-2469-AAA8-D40B-9B4BB73A6057}.Debug|Any CPU.ActiveCfg = Debug|Any CPU
		{004B486E-2469-AAA8-D40B-9B4BB73A6057}.Debug|Any CPU.Build.0 = Debug|Any CPU
		{004B486E-2469-AAA8-D40B-9B4BB73A6057}.Release|Any CPU.ActiveCfg = Release|Any CPU
		{004B486E-2469-AAA8-D40B-9B4BB73A6057}.Release|Any CPU.Build.0 = Release|Any CPU
	EndGlobalSection
	GlobalSection(SolutionProperties) = preSolution
		HideSolutionNode = FALSE
	EndGlobalSection
EndGlobal
